
Microsoft Visual Studio Solution File, Format Version 12.00
# Visual Studio Version 16
VisualStudioVersion = 16.0.31702.278
MinimumVisualStudioVersion = 10.0.40219.1
Project("{FAE04EC0-301F-11D3-BF4B-00C04F79EFBC}") = "2Project4", "2Project4.csproj", "{66812599-D696-47E0-ACC4-233FF50230F5}"
EndProject
Global
	GlobalSection(SolutionConfigurationPlatforms) = preSolution
		Debug|Any CPU = Debug|Any CPU
		Release|Any CPU = Release|Any CPU
	EndGlobalSection
	GlobalSection(ProjectConfigurationPlatforms) = postSolution
		{66812599-D696-47E0-ACC4-233FF50230F5}.Debug|Any CPU.ActiveCfg = Debug|Any CPU
		{66812599-D696-47E0-ACC4-233FF50230F5}.Debug|Any CPU.Build.0 = Debug|Any CPU
		{66812599-D696-47E0-ACC4-233FF50230F5}.Release|Any CPU.ActiveCfg = Release|Any CPU
		{66812599-D696-47E0-ACC4-233FF50230F5}.Release|Any CPU.Build.0 = Release|Any CPU
	EndGlobalSection
	GlobalSection(SolutionProperties) = preSolution
		HideSolutionNode = FALSE
	EndGlobalSection
	GlobalSection(ExtensibilityGlobals) = postSolution
		SolutionGuid = {0F627477-CCC5-464E-A16B-A5053FEC1426}
	EndGlobalSection
EndGlobal
