
Microsoft Visual Studio Solution File, Format Version 12.00
# Visual Studio Version 16
VisualStudioVersion = 16.0.34601.136
MinimumVisualStudioVersion = 10.0.40219.1
Project("{FAE04EC0-301F-11D3-BF4B-00C04F79EFBC}") = "Project2", "Project2.csproj", "{B4169FED-8CA3-4AAF-A4E4-B2F7BD240FD3}"
EndProject
Global
	GlobalSection(SolutionConfigurationPlatforms) = preSolution
		Debug|Any CPU = Debug|Any CPU
		Release|Any CPU = Release|Any CPU
	EndGlobalSection
	GlobalSection(ProjectConfigurationPlatforms) = postSolution
		{B4169FED-8CA3-4AAF-A4E4-B2F7BD240FD3}.Debug|Any CPU.ActiveCfg = Debug|Any CPU
		{B4169FED-8CA3-4AAF-A4E4-B2F7BD240FD3}.Debug|Any CPU.Build.0 = Debug|Any CPU
		{B4169FED-8CA3-4AAF-A4E4-B2F7BD240FD3}.Release|Any CPU.ActiveCfg = Release|Any CPU
		{B4169FED-8CA3-4AAF-A4E4-B2F7BD240FD3}.Release|Any CPU.Build.0 = Release|Any CPU
	EndGlobalSection
	GlobalSection(SolutionProperties) = preSolution
		HideSolutionNode = FALSE
	EndGlobalSection
	GlobalSection(ExtensibilityGlobals) = postSolution
		SolutionGuid = {F32A7FA3-B646-4EBF-BD5E-870209A88482}
	EndGlobalSection
EndGlobal
