
Microsoft Visual Studio Solution File, Format Version 12.00
# Visual Studio Version 16
VisualStudioVersion = 16.0.31702.278
MinimumVisualStudioVersion = 10.0.40219.1
Project("{FAE04EC0-301F-11D3-BF4B-00C04F79EFBC}") = "WindowsFormsApp3", "WindowsFormsApp3.csproj", "{EAE192FA-6B8B-49B1-B152-2938A9ABB9D6}"
EndProject
Global
	GlobalSection(SolutionConfigurationPlatforms) = preSolution
		Debug|Any CPU = Debug|Any CPU
		Release|Any CPU = Release|Any CPU
	EndGlobalSection
	GlobalSection(ProjectConfigurationPlatforms) = postSolution
		{EAE192FA-6B8B-49B1-B152-2938A9ABB9D6}.Debug|Any CPU.ActiveCfg = Debug|Any CPU
		{EAE192FA-6B8B-49B1-B152-2938A9ABB9D6}.Debug|Any CPU.Build.0 = Debug|Any CPU
		{EAE192FA-6B8B-49B1-B152-2938A9ABB9D6}.Release|Any CPU.ActiveCfg = Release|Any CPU
		{EAE192FA-6B8B-49B1-B152-2938A9ABB9D6}.Release|Any CPU.Build.0 = Release|Any CPU
	EndGlobalSection
	GlobalSection(SolutionProperties) = preSolution
		HideSolutionNode = FALSE
	EndGlobalSection
	GlobalSection(ExtensibilityGlobals) = postSolution
		SolutionGuid = {2A52DE23-4A65-4BD4-AE8F-549B76534E17}
	EndGlobalSection
EndGlobal
